
Microsoft Visual Studio Solution File, Format Version 12.00
# Visual Studio 2017
Project("{FAE04EC0-301F-11D3-BF4B-00C04F79EFBC}") = "Traffic simulation", "Traffic simulation.csproj", "{38BD1165-95B2-D552-864F-B940DA968C76}"
EndProject
Project("{FAE04EC0-301F-11D3-BF4B-00C04F79EFBC}") = "Traffic simulation.Plugins", "Traffic simulation.Plugins.csproj", "{473B97B7-6CE9-D781-6248-8ED2B8C7D3CF}"
EndProject
Global
	GlobalSection(SolutionConfigurationPlatforms) = preSolution
		Debug|Any CPU = Debug|Any CPU
		Release|Any CPU = Release|Any CPU
	EndGlobalSection
	GlobalSection(ProjectConfigurationPlatforms) = postSolution
		{38BD1165-95B2-D552-864F-B940DA968C76}.Debug|Any CPU.ActiveCfg = Debug|Any CPU
		{38BD1165-95B2-D552-864F-B940DA968C76}.Debug|Any CPU.Build.0 = Debug|Any CPU
		{38BD1165-95B2-D552-864F-B940DA968C76}.Release|Any CPU.ActiveCfg = Release|Any CPU
		{38BD1165-95B2-D552-864F-B940DA968C76}.Release|Any CPU.Build.0 = Release|Any CPU
		{473B97B7-6CE9-D781-6248-8ED2B8C7D3CF}.Debug|Any CPU.ActiveCfg = Debug|Any CPU
		{473B97B7-6CE9-D781-6248-8ED2B8C7D3CF}.Debug|Any CPU.Build.0 = Debug|Any CPU
		{473B97B7-6CE9-D781-6248-8ED2B8C7D3CF}.Release|Any CPU.ActiveCfg = Release|Any CPU
		{473B97B7-6CE9-D781-6248-8ED2B8C7D3CF}.Release|Any CPU.Build.0 = Release|Any CPU
	EndGlobalSection
	GlobalSection(SolutionProperties) = preSolution
		HideSolutionNode = FALSE
	EndGlobalSection
EndGlobal
